
Microsoft Visual Studio Solution File, Format Version 12.00
# Visual Studio 15
VisualStudioVersion = 15.0.27130.2024
MinimumVisualStudioVersion = 10.0.40219.1
Project("{FAE04EC0-301F-11D3-BF4B-00C04F79EFBC}") = "PFC.UI", "PFC\PFC.UI.csproj", "{BCCFDB51-9178-4273-BFF1-6594F02F5B9A}"
EndProject
Project("{FAE04EC0-301F-11D3-BF4B-00C04F79EFBC}") = "PFC.Model", "PFC.Model\PFC.Model.csproj", "{35348040-B2B6-4B58-AA00-425E00283CA4}"
EndProject
Project("{FAE04EC0-301F-11D3-BF4B-00C04F79EFBC}") = "PFC.DAO", "PFC.DAO\PFC.DAO.csproj", "{BFE0CBA1-9023-485F-B9C3-FE0A2E5D1BE9}"
EndProject
Project("{FAE04EC0-301F-11D3-BF4B-00C04F79EFBC}") = "PFC.Business", "PFC.Business\PFC.Business.csproj", "{D916ECED-0302-45D4-AF27-CABA161DD440}"
EndProject
Global
	GlobalSection(SolutionConfigurationPlatforms) = preSolution
		Debug|Any CPU = Debug|Any CPU
		Release|Any CPU = Release|Any CPU
		Teste|Any CPU = Teste|Any CPU
	EndGlobalSection
	GlobalSection(ProjectConfigurationPlatforms) = postSolution
		{BCCFDB51-9178-4273-BFF1-6594F02F5B9A}.Debug|Any CPU.ActiveCfg = Debug|Any CPU
		{BCCFDB51-9178-4273-BFF1-6594F02F5B9A}.Debug|Any CPU.Build.0 = Debug|Any CPU
		{BCCFDB51-9178-4273-BFF1-6594F02F5B9A}.Release|Any CPU.ActiveCfg = Release|Any CPU
		{BCCFDB51-9178-4273-BFF1-6594F02F5B9A}.Release|Any CPU.Build.0 = Release|Any CPU
		{BCCFDB51-9178-4273-BFF1-6594F02F5B9A}.Teste|Any CPU.ActiveCfg = Release|Any CPU
		{BCCFDB51-9178-4273-BFF1-6594F02F5B9A}.Teste|Any CPU.Build.0 = Release|Any CPU
		{35348040-B2B6-4B58-AA00-425E00283CA4}.Debug|Any CPU.ActiveCfg = Debug|Any CPU
		{35348040-B2B6-4B58-AA00-425E00283CA4}.Debug|Any CPU.Build.0 = Debug|Any CPU
		{35348040-B2B6-4B58-AA00-425E00283CA4}.Release|Any CPU.ActiveCfg = Release|Any CPU
		{35348040-B2B6-4B58-AA00-425E00283CA4}.Release|Any CPU.Build.0 = Release|Any CPU
		{35348040-B2B6-4B58-AA00-425E00283CA4}.Teste|Any CPU.ActiveCfg = Release|Any CPU
		{35348040-B2B6-4B58-AA00-425E00283CA4}.Teste|Any CPU.Build.0 = Release|Any CPU
		{BFE0CBA1-9023-485F-B9C3-FE0A2E5D1BE9}.Debug|Any CPU.ActiveCfg = Debug|Any CPU
		{BFE0CBA1-9023-485F-B9C3-FE0A2E5D1BE9}.Debug|Any CPU.Build.0 = Debug|Any CPU
		{BFE0CBA1-9023-485F-B9C3-FE0A2E5D1BE9}.Release|Any CPU.ActiveCfg = Release|Any CPU
		{BFE0CBA1-9023-485F-B9C3-FE0A2E5D1BE9}.Release|Any CPU.Build.0 = Release|Any CPU
		{BFE0CBA1-9023-485F-B9C3-FE0A2E5D1BE9}.Teste|Any CPU.ActiveCfg = Release|Any CPU
		{BFE0CBA1-9023-485F-B9C3-FE0A2E5D1BE9}.Teste|Any CPU.Build.0 = Release|Any CPU
		{D916ECED-0302-45D4-AF27-CABA161DD440}.Debug|Any CPU.ActiveCfg = Debug|Any CPU
		{D916ECED-0302-45D4-AF27-CABA161DD440}.Debug|Any CPU.Build.0 = Debug|Any CPU
		{D916ECED-0302-45D4-AF27-CABA161DD440}.Release|Any CPU.ActiveCfg = Release|Any CPU
		{D916ECED-0302-45D4-AF27-CABA161DD440}.Release|Any CPU.Build.0 = Release|Any CPU
		{D916ECED-0302-45D4-AF27-CABA161DD440}.Teste|Any CPU.ActiveCfg = Release|Any CPU
		{D916ECED-0302-45D4-AF27-CABA161DD440}.Teste|Any CPU.Build.0 = Release|Any CPU
	EndGlobalSection
	GlobalSection(SolutionProperties) = preSolution
		HideSolutionNode = FALSE
	EndGlobalSection
	GlobalSection(ExtensibilityGlobals) = postSolution
		SolutionGuid = {693B7E5B-C739-4437-AF76-0FC85C49FEF0}
	EndGlobalSection
EndGlobal
